
Microsoft Visual Studio Solution File, Format Version 12.00
# Visual Studio Version 17
VisualStudioVersion = 17.0.31903.59
MinimumVisualStudioVersion = 10.0.40219.1
Project("{9A19103F-16F7-4668-BE54-9A1E7A4F7556}") = "T28", "T28.csproj", "{F928850E-30AF-4123-89D6-3CC2516563A3}"
EndProject
Project("{FAE04EC0-301F-11D3-BF4B-00C04F79EFBC}") = "T28-Test", "..\T28-Test\T28-Test.csproj", "{B0D9422F-7D8B-4A0C-9265-EECC95A434E7}"
EndProject
Global
	GlobalSection(SolutionConfigurationPlatforms) = preSolution
		Debug|Any CPU = Debug|Any CPU
		Release|Any CPU = Release|Any CPU
	EndGlobalSection
	GlobalSection(ProjectConfigurationPlatforms) = postSolution
		{F928850E-30AF-4123-89D6-3CC2516563A3}.Debug|Any CPU.ActiveCfg = Debug|Any CPU
		{F928850E-30AF-4123-89D6-3CC2516563A3}.Debug|Any CPU.Build.0 = Debug|Any CPU
		{F928850E-30AF-4123-89D6-3CC2516563A3}.Release|Any CPU.ActiveCfg = Release|Any CPU
		{F928850E-30AF-4123-89D6-3CC2516563A3}.Release|Any CPU.Build.0 = Release|Any CPU
		{B0D9422F-7D8B-4A0C-9265-EECC95A434E7}.Debug|Any CPU.ActiveCfg = Debug|Any CPU
		{B0D9422F-7D8B-4A0C-9265-EECC95A434E7}.Debug|Any CPU.Build.0 = Debug|Any CPU
		{B0D9422F-7D8B-4A0C-9265-EECC95A434E7}.Release|Any CPU.ActiveCfg = Release|Any CPU
		{B0D9422F-7D8B-4A0C-9265-EECC95A434E7}.Release|Any CPU.Build.0 = Release|Any CPU
	EndGlobalSection
	GlobalSection(SolutionProperties) = preSolution
		HideSolutionNode = FALSE
	EndGlobalSection
	GlobalSection(ExtensibilityGlobals) = postSolution
		SolutionGuid = {3296DFCD-0E75-4B0D-92FF-7D38A71304A8}
	EndGlobalSection
EndGlobal
